// !$*UTF8*$!
{
	archiveVersion = 1;
	classes = {
	};
	objectVersion = 46;
	objects = {

/* Begin PBXBuildFile section */
		123E9BB81D349FC7009B61B5 /* CoreTelephony.framework in Frameworks */ = {isa = PBXBuildFile; fileRef = 123E9BB71D349FC7009B61B5 /* CoreTelephony.framework */; };
		123E9BBA1D349FDA009B61B5 /* SystemConfiguration.framework in Frameworks */ = {isa = PBXBuildFile; fileRef = 123E9BB91D349FDA009B61B5 /* SystemConfiguration.framework */; };
		123E9BBC1D34A006009B61B5 /* libc++.tbd in Frameworks */ = {isa = PBXBuildFile; fileRef = 123E9BBB1D34A006009B61B5 /* libc++.tbd */; };
		123E9BBE1D34A00F009B61B5 /* libz.tbd in Frameworks */ = {isa = PBXBuildFile; fileRef = 123E9BBD1D34A00F009B61B5 /* libz.tbd */; };
		123E9BC01D34A030009B61B5 /* libsqlite3.tbd in Frameworks */ = {isa = PBXBuildFile; fileRef = 123E9BBF1D34A030009B61B5 /* libsqlite3.tbd */; };
		1262719C1D336F7F009D44A0 /* main.m in Sources */ = {isa = PBXBuildFile; fileRef = 1262719B1D336F7F009D44A0 /* main.m */; };
		1262719F1D336F7F009D44A0 /* AppDelegate.m in Sources */ = {isa = PBXBuildFile; fileRef = 1262719E1D336F7F009D44A0 /* AppDelegate.m */; };
		126271A51D336F7F009D44A0 /* Main.storyboard in Resources */ = {isa = PBXBuildFile; fileRef = 126271A31D336F7F009D44A0 /* Main.storyboard */; };
		126271A71D336F7F009D44A0 /* Assets.xcassets in Resources */ = {isa = PBXBuildFile; fileRef = 126271A61D336F7F009D44A0 /* Assets.xcassets */; };
		126271AA1D336F7F009D44A0 /* LaunchScreen.storyboard in Resources */ = {isa = PBXBuildFile; fileRef = 126271A81D336F7F009D44A0 /* LaunchScreen.storyboard */; };
		126271B51D336F7F009D44A0 /* WritePigeonDoctorTests.m in Sources */ = {isa = PBXBuildFile; fileRef = 126271B41D336F7F009D44A0 /* WritePigeonDoctorTests.m */; };
		126271C01D336F7F009D44A0 /* WritePigeonDoctorUITests.m in Sources */ = {isa = PBXBuildFile; fileRef = 126271BF1D336F7F009D44A0 /* WritePigeonDoctorUITests.m */; };
		12C1AF731D4629040087ABA0 /* RWCommunityController.m in Sources */ = {isa = PBXBuildFile; fileRef = 12C1AF601D4629040087ABA0 /* RWCommunityController.m */; };
		12C1AF741D4629040087ABA0 /* RWDoctorListController.m in Sources */ = {isa = PBXBuildFile; fileRef = 12C1AF641D4629040087ABA0 /* RWDoctorListController.m */; };
		12C1AF751D4629040087ABA0 /* RWMainViewController.m in Sources */ = {isa = PBXBuildFile; fileRef = 12C1AF6A1D4629040087ABA0 /* RWMainViewController.m */; };
		12C1AF771D4629040087ABA0 /* RWSettingsViewController.m in Sources */ = {isa = PBXBuildFile; fileRef = 12C1AF721D4629040087ABA0 /* RWSettingsViewController.m */; };
		12C1AF7A1D4629D10087ABA0 /* RWMainTabBarController.m in Sources */ = {isa = PBXBuildFile; fileRef = 12C1AF791D4629D10087ABA0 /* RWMainTabBarController.m */; };
		12FA40401D46F35E0084D50A /* RWWelcomeController.m in Sources */ = {isa = PBXBuildFile; fileRef = 12FA403D1D46F35E0084D50A /* RWWelcomeController.m */; };
		12FA40411D46F35E0084D50A /* RWWelcomeImageCell.m in Sources */ = {isa = PBXBuildFile; fileRef = 12FA403F1D46F35E0084D50A /* RWWelcomeImageCell.m */; };
		12FA404C1D46F56E0084D50A /* RWRequsetManager.m in Sources */ = {isa = PBXBuildFile; fileRef = 12FA40441D46F56E0084D50A /* RWRequsetManager.m */; };
		12FA404D1D46F56E0084D50A /* RWRequsetManager+UserLogin.m in Sources */ = {isa = PBXBuildFile; fileRef = 12FA40461D46F56E0084D50A /* RWRequsetManager+UserLogin.m */; };
		12FA404E1D46F56E0084D50A /* RWDeployManager.m in Sources */ = {isa = PBXBuildFile; fileRef = 12FA40491D46F56E0084D50A /* RWDeployManager.m */; };
		12FA404F1D46F56E0084D50A /* RWDeployManager+DateProcess.m in Sources */ = {isa = PBXBuildFile; fileRef = 12FA404B1D46F56E0084D50A /* RWDeployManager+DateProcess.m */; };
		12FA40571D46FD270084D50A /* RWChatManager.m in Sources */ = {isa = PBXBuildFile; fileRef = 12FA40561D46FD270084D50A /* RWChatManager.m */; };
		12FA405A1D4703C50084D50A /* RWUserInformation.m in Sources */ = {isa = PBXBuildFile; fileRef = 12FA40591D4703C50084D50A /* RWUserInformation.m */; };
		D28576077618A1630E9E807B /* libPods.a in Frameworks */ = {isa = PBXBuildFile; fileRef = 75E7335217CD8786A2D3E4FC /* libPods.a */; };
/* End PBXBuildFile section */

/* Begin PBXContainerItemProxy section */
		126271B11D336F7F009D44A0 /* PBXContainerItemProxy */ = {
			isa = PBXContainerItemProxy;
			containerPortal = 1262718F1D336F7F009D44A0 /* Project object */;
			proxyType = 1;
			remoteGlobalIDString = 126271961D336F7F009D44A0;
			remoteInfo = WritePigeonDoctor;
		};
		126271BC1D336F7F009D44A0 /* PBXContainerItemProxy */ = {
			isa = PBXContainerItemProxy;
			containerPortal = 1262718F1D336F7F009D44A0 /* Project object */;
			proxyType = 1;
			remoteGlobalIDString = 126271961D336F7F009D44A0;
			remoteInfo = WritePigeonDoctor;
		};
/* End PBXContainerItemProxy section */

/* Begin PBXFileReference section */
		06B0CD839B2FB4AEC160CE84 /* Pods.release.xcconfig */ = {isa = PBXFileReference; includeInIndex = 1; lastKnownFileType = text.xcconfig; name = Pods.release.xcconfig; path = "Pods/Target Support Files/Pods/Pods.release.xcconfig"; sourceTree = "<group>"; };
		123E9BB71D349FC7009B61B5 /* CoreTelephony.framework */ = {isa = PBXFileReference; lastKnownFileType = wrapper.framework; name = CoreTelephony.framework; path = System/Library/Frameworks/CoreTelephony.framework; sourceTree = SDKROOT; };
		123E9BB91D349FDA009B61B5 /* SystemConfiguration.framework */ = {isa = PBXFileReference; lastKnownFileType = wrapper.framework; name = SystemConfiguration.framework; path = System/Library/Frameworks/SystemConfiguration.framework; sourceTree = SDKROOT; };
		123E9BBB1D34A006009B61B5 /* libc++.tbd */ = {isa = PBXFileReference; lastKnownFileType = "sourcecode.text-based-dylib-definition"; name = "libc++.tbd"; path = "usr/lib/libc++.tbd"; sourceTree = SDKROOT; };
		123E9BBD1D34A00F009B61B5 /* libz.tbd */ = {isa = PBXFileReference; lastKnownFileType = "sourcecode.text-based-dylib-definition"; name = libz.tbd; path = usr/lib/libz.tbd; sourceTree = SDKROOT; };
		123E9BBF1D34A030009B61B5 /* libsqlite3.tbd */ = {isa = PBXFileReference; lastKnownFileType = "sourcecode.text-based-dylib-definition"; name = libsqlite3.tbd; path = usr/lib/libsqlite3.tbd; sourceTree = SDKROOT; };
		126271971D336F7F009D44A0 /* WritePigeonDoctor.app */ = {isa = PBXFileReference; explicitFileType = wrapper.application; includeInIndex = 0; path = WritePigeonDoctor.app; sourceTree = BUILT_PRODUCTS_DIR; };
		1262719B1D336F7F009D44A0 /* main.m */ = {isa = PBXFileReference; lastKnownFileType = sourcecode.c.objc; path = main.m; sourceTree = "<group>"; };
		1262719D1D336F7F009D44A0 /* AppDelegate.h */ = {isa = PBXFileReference; lastKnownFileType = sourcecode.c.h; name = AppDelegate.h; path = ../AppDelegate.h; sourceTree = "<group>"; };
		1262719E1D336F7F009D44A0 /* AppDelegate.m */ = {isa = PBXFileReference; lastKnownFileType = sourcecode.c.objc; name = AppDelegate.m; path = ../AppDelegate.m; sourceTree = "<group>"; };
		126271A41D336F7F009D44A0 /* Base */ = {isa = PBXFileReference; lastKnownFileType = file.storyboard; name = Base; path = Base.lproj/Main.storyboard; sourceTree = "<group>"; };
		126271A61D336F7F009D44A0 /* Assets.xcassets */ = {isa = PBXFileReference; lastKnownFileType = folder.assetcatalog; name = Assets.xcassets; path = ../Assets.xcassets; sourceTree = "<group>"; };
		126271A91D336F7F009D44A0 /* Base */ = {isa = PBXFileReference; lastKnownFileType = file.storyboard; name = Base; path = Base.lproj/LaunchScreen.storyboard; sourceTree = "<group>"; };
		126271AB1D336F7F009D44A0 /* Info.plist */ = {isa = PBXFileReference; lastKnownFileType = text.plist.xml; name = Info.plist; path = ../Info.plist; sourceTree = "<group>"; };
		126271B01D336F7F009D44A0 /* WritePigeonDoctorTests.xctest */ = {isa = PBXFileReference; explicitFileType = wrapper.cfbundle; includeInIndex = 0; path = WritePigeonDoctorTests.xctest; sourceTree = BUILT_PRODUCTS_DIR; };
		126271B41D336F7F009D44A0 /* WritePigeonDoctorTests.m */ = {isa = PBXFileReference; lastKnownFileType = sourcecode.c.objc; path = WritePigeonDoctorTests.m; sourceTree = "<group>"; };
		126271B61D336F7F009D44A0 /* Info.plist */ = {isa = PBXFileReference; lastKnownFileType = text.plist.xml; path = Info.plist; sourceTree = "<group>"; };
		126271BB1D336F7F009D44A0 /* WritePigeonDoctorUITests.xctest */ = {isa = PBXFileReference; explicitFileType = wrapper.cfbundle; includeInIndex = 0; path = WritePigeonDoctorUITests.xctest; sourceTree = BUILT_PRODUCTS_DIR; };
		126271BF1D336F7F009D44A0 /* WritePigeonDoctorUITests.m */ = {isa = PBXFileReference; lastKnownFileType = sourcecode.c.objc; path = WritePigeonDoctorUITests.m; sourceTree = "<group>"; };
		126271C11D336F7F009D44A0 /* Info.plist */ = {isa = PBXFileReference; lastKnownFileType = text.plist.xml; path = Info.plist; sourceTree = "<group>"; };
		12C1AF5F1D4629040087ABA0 /* RWCommunityController.h */ = {isa = PBXFileReference; fileEncoding = 4; lastKnownFileType = sourcecode.c.h; path = RWCommunityController.h; sourceTree = "<group>"; };
		12C1AF601D4629040087ABA0 /* RWCommunityController.m */ = {isa = PBXFileReference; fileEncoding = 4; lastKnownFileType = sourcecode.c.objc; path = RWCommunityController.m; sourceTree = "<group>"; };
		12C1AF631D4629040087ABA0 /* RWDoctorListController.h */ = {isa = PBXFileReference; fileEncoding = 4; lastKnownFileType = sourcecode.c.h; path = RWDoctorListController.h; sourceTree = "<group>"; };
		12C1AF641D4629040087ABA0 /* RWDoctorListController.m */ = {isa = PBXFileReference; fileEncoding = 4; lastKnownFileType = sourcecode.c.objc; path = RWDoctorListController.m; sourceTree = "<group>"; };
		12C1AF661D4629040087ABA0 /* Macro.h */ = {isa = PBXFileReference; fileEncoding = 4; lastKnownFileType = sourcecode.c.h; path = Macro.h; sourceTree = "<group>"; };
		12C1AF671D4629040087ABA0 /* ThirdMacros.h */ = {isa = PBXFileReference; fileEncoding = 4; lastKnownFileType = sourcecode.c.h; path = ThirdMacros.h; sourceTree = "<group>"; };
		12C1AF691D4629040087ABA0 /* RWMainViewController.h */ = {isa = PBXFileReference; fileEncoding = 4; lastKnownFileType = sourcecode.c.h; path = RWMainViewController.h; sourceTree = "<group>"; };
		12C1AF6A1D4629040087ABA0 /* RWMainViewController.m */ = {isa = PBXFileReference; fileEncoding = 4; lastKnownFileType = sourcecode.c.objc; path = RWMainViewController.m; sourceTree = "<group>"; };
		12C1AF6C1D4629040087ABA0 /* PublicMacro.pch */ = {isa = PBXFileReference; fileEncoding = 4; lastKnownFileType = sourcecode.c.h; path = PublicMacro.pch; sourceTree = "<group>"; };
		12C1AF711D4629040087ABA0 /* RWSettingsViewController.h */ = {isa = PBXFileReference; fileEncoding = 4; lastKnownFileType = sourcecode.c.h; path = RWSettingsViewController.h; sourceTree = "<group>"; };
		12C1AF721D4629040087ABA0 /* RWSettingsViewController.m */ = {isa = PBXFileReference; fileEncoding = 4; lastKnownFileType = sourcecode.c.objc; path = RWSettingsViewController.m; sourceTree = "<group>"; };
		12C1AF781D4629D10087ABA0 /* RWMainTabBarController.h */ = {isa = PBXFileReference; fileEncoding = 4; lastKnownFileType = sourcecode.c.h; path = RWMainTabBarController.h; sourceTree = "<group>"; };
		12C1AF791D4629D10087ABA0 /* RWMainTabBarController.m */ = {isa = PBXFileReference; fileEncoding = 4; lastKnownFileType = sourcecode.c.objc; path = RWMainTabBarController.m; sourceTree = "<group>"; };
		12FA403C1D46F35E0084D50A /* RWWelcomeController.h */ = {isa = PBXFileReference; fileEncoding = 4; lastKnownFileType = sourcecode.c.h; path = RWWelcomeController.h; sourceTree = "<group>"; };
		12FA403D1D46F35E0084D50A /* RWWelcomeController.m */ = {isa = PBXFileReference; fileEncoding = 4; lastKnownFileType = sourcecode.c.objc; path = RWWelcomeController.m; sourceTree = "<group>"; };
		12FA403E1D46F35E0084D50A /* RWWelcomeImageCell.h */ = {isa = PBXFileReference; fileEncoding = 4; lastKnownFileType = sourcecode.c.h; path = RWWelcomeImageCell.h; sourceTree = "<group>"; };
		12FA403F1D46F35E0084D50A /* RWWelcomeImageCell.m */ = {isa = PBXFileReference; fileEncoding = 4; lastKnownFileType = sourcecode.c.objc; path = RWWelcomeImageCell.m; sourceTree = "<group>"; };
		12FA40421D46F56E0084D50A /* RWRequestIndex.h */ = {isa = PBXFileReference; fileEncoding = 4; lastKnownFileType = sourcecode.c.h; path = RWRequestIndex.h; sourceTree = "<group>"; };
		12FA40431D46F56E0084D50A /* RWRequsetManager.h */ = {isa = PBXFileReference; fileEncoding = 4; lastKnownFileType = sourcecode.c.h; path = RWRequsetManager.h; sourceTree = "<group>"; };
		12FA40441D46F56E0084D50A /* RWRequsetManager.m */ = {isa = PBXFileReference; fileEncoding = 4; lastKnownFileType = sourcecode.c.objc; path = RWRequsetManager.m; sourceTree = "<group>"; };
		12FA40451D46F56E0084D50A /* RWRequsetManager+UserLogin.h */ = {isa = PBXFileReference; fileEncoding = 4; lastKnownFileType = sourcecode.c.h; path = "RWRequsetManager+UserLogin.h"; sourceTree = "<group>"; };
		12FA40461D46F56E0084D50A /* RWRequsetManager+UserLogin.m */ = {isa = PBXFileReference; fileEncoding = 4; lastKnownFileType = sourcecode.c.objc; path = "RWRequsetManager+UserLogin.m"; sourceTree = "<group>"; };
		12FA40471D46F56E0084D50A /* RWDeployIndex.h */ = {isa = PBXFileReference; fileEncoding = 4; lastKnownFileType = sourcecode.c.h; path = RWDeployIndex.h; sourceTree = "<group>"; };
		12FA40481D46F56E0084D50A /* RWDeployManager.h */ = {isa = PBXFileReference; fileEncoding = 4; lastKnownFileType = sourcecode.c.h; path = RWDeployManager.h; sourceTree = "<group>"; };
		12FA40491D46F56E0084D50A /* RWDeployManager.m */ = {isa = PBXFileReference; fileEncoding = 4; lastKnownFileType = sourcecode.c.objc; path = RWDeployManager.m; sourceTree = "<group>"; };
		12FA404A1D46F56E0084D50A /* RWDeployManager+DateProcess.h */ = {isa = PBXFileReference; fileEncoding = 4; lastKnownFileType = sourcecode.c.h; path = "RWDeployManager+DateProcess.h"; sourceTree = "<group>"; };
		12FA404B1D46F56E0084D50A /* RWDeployManager+DateProcess.m */ = {isa = PBXFileReference; fileEncoding = 4; lastKnownFileType = sourcecode.c.objc; path = "RWDeployManager+DateProcess.m"; sourceTree = "<group>"; };
		12FA40551D46FD270084D50A /* RWChatManager.h */ = {isa = PBXFileReference; fileEncoding = 4; lastKnownFileType = sourcecode.c.h; path = RWChatManager.h; sourceTree = "<group>"; };
		12FA40561D46FD270084D50A /* RWChatManager.m */ = {isa = PBXFileReference; fileEncoding = 4; lastKnownFileType = sourcecode.c.objc; path = RWChatManager.m; sourceTree = "<group>"; };
		12FA40581D4703C50084D50A /* RWUserInformation.h */ = {isa = PBXFileReference; fileEncoding = 4; lastKnownFileType = sourcecode.c.h; path = RWUserInformation.h; sourceTree = "<group>"; };
		12FA40591D4703C50084D50A /* RWUserInformation.m */ = {isa = PBXFileReference; fileEncoding = 4; lastKnownFileType = sourcecode.c.objc; path = RWUserInformation.m; sourceTree = "<group>"; };
		75E7335217CD8786A2D3E4FC /* libPods.a */ = {isa = PBXFileReference; explicitFileType = archive.ar; includeInIndex = 0; path = libPods.a; sourceTree = BUILT_PRODUCTS_DIR; };
		9EF87DF12830927924691150 /* Pods.debug.xcconfig */ = {isa = PBXFileReference; includeInIndex = 1; lastKnownFileType = text.xcconfig; name = Pods.debug.xcconfig; path = "Pods/Target Support Files/Pods/Pods.debug.xcconfig"; sourceTree = "<group>"; };
/* End PBXFileReference section */

/* Begin PBXFrameworksBuildPhase section */
		126271941D336F7F009D44A0 /* Frameworks */ = {
			isa = PBXFrameworksBuildPhase;
			buildActionMask = 2147483647;
			files = (
				123E9BC01D34A030009B61B5 /* libsqlite3.tbd in Frameworks */,
				123E9BBE1D34A00F009B61B5 /* libz.tbd in Frameworks */,
				123E9BBC1D34A006009B61B5 /* libc++.tbd in Frameworks */,
				123E9BBA1D349FDA009B61B5 /* SystemConfiguration.framework in Frameworks */,
				123E9BB81D349FC7009B61B5 /* CoreTelephony.framework in Frameworks */,
				D28576077618A1630E9E807B /* libPods.a in Frameworks */,
			);
			runOnlyForDeploymentPostprocessing = 0;
		};
		126271AD1D336F7F009D44A0 /* Frameworks */ = {
			isa = PBXFrameworksBuildPhase;
			buildActionMask = 2147483647;
			files = (
			);
			runOnlyForDeploymentPostprocessing = 0;
		};
		126271B81D336F7F009D44A0 /* Frameworks */ = {
			isa = PBXFrameworksBuildPhase;
			buildActionMask = 2147483647;
			files = (
			);
			runOnlyForDeploymentPostprocessing = 0;
		};
/* End PBXFrameworksBuildPhase section */

/* Begin PBXGroup section */
		0472B7851D361F4200FE847E /* Other */ = {
			isa = PBXGroup;
			children = (
				1262719D1D336F7F009D44A0 /* AppDelegate.h */,
				1262719E1D336F7F009D44A0 /* AppDelegate.m */,
				126271A31D336F7F009D44A0 /* Main.storyboard */,
				126271A61D336F7F009D44A0 /* Assets.xcassets */,
				126271A81D336F7F009D44A0 /* LaunchScreen.storyboard */,
				126271AB1D336F7F009D44A0 /* Info.plist */,
			);
			name = Other;
			path = Classes;
			sourceTree = "<group>";
		};
		0472B7861D361F7F00FE847E /* Framework */ = {
			isa = PBXGroup;
			children = (
				123E9BBF1D34A030009B61B5 /* libsqlite3.tbd */,
				123E9BBD1D34A00F009B61B5 /* libz.tbd */,
				123E9BBB1D34A006009B61B5 /* libc++.tbd */,
				123E9BB91D349FDA009B61B5 /* SystemConfiguration.framework */,
				123E9BB71D349FC7009B61B5 /* CoreTelephony.framework */,
			);
			name = Framework;
			path = Classes;
			sourceTree = "<group>";
		};
		1236AA831D46ED1D00C65043 /* PageViews */ = {
			isa = PBXGroup;
			children = (
				12C1AF681D4629040087ABA0 /* MainClass */,
				12C1AF621D4629040087ABA0 /* DoctorClass */,
				12C1AF5E1D4629040087ABA0 /* Community */,
				12C1AF701D4629040087ABA0 /* Settings */,
			);
			name = PageViews;
			sourceTree = "<group>";
		};
		1262718E1D336F7F009D44A0 = {
			isa = PBXGroup;
			children = (
				126271991D336F7F009D44A0 /* WritePigeonDoctor */,
				126271B31D336F7F009D44A0 /* WritePigeonDoctorTests */,
				126271BE1D336F7F009D44A0 /* WritePigeonDoctorUITests */,
				126271981D336F7F009D44A0 /* Products */,
				4A7226808223CE368D5E798A /* Pods */,
				442497FD92A093AD82020936 /* Frameworks */,
			);
			sourceTree = "<group>";
		};
		126271981D336F7F009D44A0 /* Products */ = {
			isa = PBXGroup;
			children = (
				126271971D336F7F009D44A0 /* WritePigeonDoctor.app */,
				126271B01D336F7F009D44A0 /* WritePigeonDoctorTests.xctest */,
				126271BB1D336F7F009D44A0 /* WritePigeonDoctorUITests.xctest */,
			);
			name = Products;
			sourceTree = "<group>";
		};
		126271991D336F7F009D44A0 /* WritePigeonDoctor */ = {
			isa = PBXGroup;
			children = (
				1236AA831D46ED1D00C65043 /* PageViews */,
				12C1AF6D1D4629040087ABA0 /* Resource */,
				0472B7851D361F4200FE847E /* Other */,
				0472B7861D361F7F00FE847E /* Framework */,
				1262719A1D336F7F009D44A0 /* Supporting Files */,
			);
			path = WritePigeonDoctor;
			sourceTree = "<group>";
		};
		1262719A1D336F7F009D44A0 /* Supporting Files */ = {
			isa = PBXGroup;
			children = (
				1262719B1D336F7F009D44A0 /* main.m */,
			);
			name = "Supporting Files";
			sourceTree = "<group>";
		};
		126271B31D336F7F009D44A0 /* WritePigeonDoctorTests */ = {
			isa = PBXGroup;
			children = (
				126271B41D336F7F009D44A0 /* WritePigeonDoctorTests.m */,
				126271B61D336F7F009D44A0 /* Info.plist */,
			);
			path = WritePigeonDoctorTests;
			sourceTree = "<group>";
		};
		126271BE1D336F7F009D44A0 /* WritePigeonDoctorUITests */ = {
			isa = PBXGroup;
			children = (
				126271BF1D336F7F009D44A0 /* WritePigeonDoctorUITests.m */,
				126271C11D336F7F009D44A0 /* Info.plist */,
			);
			path = WritePigeonDoctorUITests;
			sourceTree = "<group>";
		};
		12C1AF5E1D4629040087ABA0 /* Community */ = {
			isa = PBXGroup;
			children = (
				12C1AF5F1D4629040087ABA0 /* RWCommunityController.h */,
				12C1AF601D4629040087ABA0 /* RWCommunityController.m */,
			);
			name = Community;
			path = Classes/Community;
			sourceTree = "<group>";
		};
		12C1AF611D4629040087ABA0 /* DataCenter */ = {
			isa = PBXGroup;
			children = (
				12FA40501D46F5720084D50A /* DataBase */,
				12FA40421D46F56E0084D50A /* RWRequestIndex.h */,
				12FA40431D46F56E0084D50A /* RWRequsetManager.h */,
				12FA40441D46F56E0084D50A /* RWRequsetManager.m */,
				12FA40451D46F56E0084D50A /* RWRequsetManager+UserLogin.h */,
				12FA40461D46F56E0084D50A /* RWRequsetManager+UserLogin.m */,
				12FA40471D46F56E0084D50A /* RWDeployIndex.h */,
				12FA40481D46F56E0084D50A /* RWDeployManager.h */,
				12FA40491D46F56E0084D50A /* RWDeployManager.m */,
				12FA404A1D46F56E0084D50A /* RWDeployManager+DateProcess.h */,
				12FA404B1D46F56E0084D50A /* RWDeployManager+DateProcess.m */,
			);
			name = DataCenter;
			path = ../DataCenter;
			sourceTree = "<group>";
		};
		12C1AF621D4629040087ABA0 /* DoctorClass */ = {
			isa = PBXGroup;
			children = (
				12C1AF631D4629040087ABA0 /* RWDoctorListController.h */,
				12C1AF641D4629040087ABA0 /* RWDoctorListController.m */,
			);
			name = DoctorClass;
			path = Classes/DoctorClass;
			sourceTree = "<group>";
		};
		12C1AF651D4629040087ABA0 /* Macros */ = {
			isa = PBXGroup;
			children = (
				12C1AF661D4629040087ABA0 /* Macro.h */,
				12C1AF671D4629040087ABA0 /* ThirdMacros.h */,
			);
			name = Macros;
			path = ../Macros;
			sourceTree = "<group>";
		};
		12C1AF681D4629040087ABA0 /* MainClass */ = {
			isa = PBXGroup;
			children = (
				12C1AF691D4629040087ABA0 /* RWMainViewController.h */,
				12C1AF6A1D4629040087ABA0 /* RWMainViewController.m */,
			);
			name = MainClass;
			path = Classes/MainClass;
			sourceTree = "<group>";
		};
		12C1AF6B1D4629040087ABA0 /* PublicClass */ = {
			isa = PBXGroup;
			children = (
				12FA403C1D46F35E0084D50A /* RWWelcomeController.h */,
				12FA403D1D46F35E0084D50A /* RWWelcomeController.m */,
				12FA403E1D46F35E0084D50A /* RWWelcomeImageCell.h */,
				12FA403F1D46F35E0084D50A /* RWWelcomeImageCell.m */,
				12C1AF651D4629040087ABA0 /* Macros */,
				12C1AF6C1D4629040087ABA0 /* PublicMacro.pch */,
				12C1AF781D4629D10087ABA0 /* RWMainTabBarController.h */,
				12C1AF791D4629D10087ABA0 /* RWMainTabBarController.m */,
			);
			name = PublicClass;
			path = ../PublicClass;
			sourceTree = "<group>";
		};
		12C1AF6D1D4629040087ABA0 /* Resource */ = {
			isa = PBXGroup;
			children = (
				12C1AF6B1D4629040087ABA0 /* PublicClass */,
				12FA40541D46FCFA0084D50A /* ChatManager */,
				12C1AF611D4629040087ABA0 /* DataCenter */,
			);
			name = Resource;
			path = Classes/Resource;
			sourceTree = "<group>";
		};
		12C1AF701D4629040087ABA0 /* Settings */ = {
			isa = PBXGroup;
			children = (
				12C1AF711D4629040087ABA0 /* RWSettingsViewController.h */,
				12C1AF721D4629040087ABA0 /* RWSettingsViewController.m */,
			);
			name = Settings;
			path = Classes/Settings;
			sourceTree = "<group>";
		};
		12FA40501D46F5720084D50A /* DataBase */ = {
			isa = PBXGroup;
			children = (
			);
			name = DataBase;
			sourceTree = "<group>";
		};
		12FA40541D46FCFA0084D50A /* ChatManager */ = {
			isa = PBXGroup;
			children = (
				12FA40551D46FD270084D50A /* RWChatManager.h */,
				12FA40561D46FD270084D50A /* RWChatManager.m */,
				12FA40581D4703C50084D50A /* RWUserInformation.h */,
				12FA40591D4703C50084D50A /* RWUserInformation.m */,
			);
			path = ChatManager;
			sourceTree = "<group>";
		};
		442497FD92A093AD82020936 /* Frameworks */ = {
			isa = PBXGroup;
			children = (
				75E7335217CD8786A2D3E4FC /* libPods.a */,
			);
			name = Frameworks;
			sourceTree = "<group>";
		};
		4A7226808223CE368D5E798A /* Pods */ = {
			isa = PBXGroup;
			children = (
				9EF87DF12830927924691150 /* Pods.debug.xcconfig */,
				06B0CD839B2FB4AEC160CE84 /* Pods.release.xcconfig */,
			);
			name = Pods;
			sourceTree = "<group>";
		};
/* End PBXGroup section */

/* Begin PBXNativeTarget section */
		126271961D336F7F009D44A0 /* WritePigeonDoctor */ = {
			isa = PBXNativeTarget;
			buildConfigurationList = 126271C41D336F7F009D44A0 /* Build configuration list for PBXNativeTarget "WritePigeonDoctor" */;
			buildPhases = (
				A986C34F9B9013A6BD303C32 /* Check Pods Manifest.lock */,
				126271931D336F7F009D44A0 /* Sources */,
				126271941D336F7F009D44A0 /* Frameworks */,
				126271951D336F7F009D44A0 /* Resources */,
				EE4A4F77A08398E229D1D5E7 /* Embed Pods Frameworks */,
				FDD97237C4C13A7140D7CE19 /* Copy Pods Resources */,
			);
			buildRules = (
			);
			dependencies = (
			);
			name = WritePigeonDoctor;
			productName = WritePigeonDoctor;
			productReference = 126271971D336F7F009D44A0 /* WritePigeonDoctor.app */;
			productType = "com.apple.product-type.application";
		};
		126271AF1D336F7F009D44A0 /* WritePigeonDoctorTests */ = {
			isa = PBXNativeTarget;
			buildConfigurationList = 126271C71D336F7F009D44A0 /* Build configuration list for PBXNativeTarget "WritePigeonDoctorTests" */;
			buildPhases = (
				126271AC1D336F7F009D44A0 /* Sources */,
				126271AD1D336F7F009D44A0 /* Frameworks */,
				126271AE1D336F7F009D44A0 /* Resources */,
			);
			buildRules = (
			);
			dependencies = (
				126271B21D336F7F009D44A0 /* PBXTargetDependency */,
			);
			name = WritePigeonDoctorTests;
			productName = WritePigeonDoctorTests;
			productReference = 126271B01D336F7F009D44A0 /* WritePigeonDoctorTests.xctest */;
			productType = "com.apple.product-type.bundle.unit-test";
		};
		126271BA1D336F7F009D44A0 /* WritePigeonDoctorUITests */ = {
			isa = PBXNativeTarget;
			buildConfigurationList = 126271CA1D336F7F009D44A0 /* Build configuration list for PBXNativeTarget "WritePigeonDoctorUITests" */;
			buildPhases = (
				126271B71D336F7F009D44A0 /* Sources */,
				126271B81D336F7F009D44A0 /* Frameworks */,
				126271B91D336F7F009D44A0 /* Resources */,
			);
			buildRules = (
			);
			dependencies = (
				126271BD1D336F7F009D44A0 /* PBXTargetDependency */,
			);
			name = WritePigeonDoctorUITests;
			productName = WritePigeonDoctorUITests;
			productReference = 126271BB1D336F7F009D44A0 /* WritePigeonDoctorUITests.xctest */;
			productType = "com.apple.product-type.bundle.ui-testing";
		};
/* End PBXNativeTarget section */

/* Begin PBXProject section */
		1262718F1D336F7F009D44A0 /* Project object */ = {
			isa = PBXProject;
			attributes = {
				LastUpgradeCheck = 0730;
				ORGANIZATIONNAME = RyeWhiskey;
				TargetAttributes = {
					126271961D336F7F009D44A0 = {
						CreatedOnToolsVersion = 7.3;
					};
					126271AF1D336F7F009D44A0 = {
						CreatedOnToolsVersion = 7.3;
						TestTargetID = 126271961D336F7F009D44A0;
					};
					126271BA1D336F7F009D44A0 = {
						CreatedOnToolsVersion = 7.3;
						TestTargetID = 126271961D336F7F009D44A0;
					};
				};
			};
			buildConfigurationList = 126271921D336F7F009D44A0 /* Build configuration list for PBXProject "WritePigeonDoctor" */;
			compatibilityVersion = "Xcode 3.2";
			developmentRegion = English;
			hasScannedForEncodings = 0;
			knownRegions = (
				en,
				Base,
			);
			mainGroup = 1262718E1D336F7F009D44A0;
			productRefGroup = 126271981D336F7F009D44A0 /* Products */;
			projectDirPath = "";
			projectRoot = "";
			targets = (
				126271961D336F7F009D44A0 /* WritePigeonDoctor */,
				126271AF1D336F7F009D44A0 /* WritePigeonDoctorTests */,
				126271BA1D336F7F009D44A0 /* WritePigeonDoctorUITests */,
			);
		};
/* End PBXProject section */

/* Begin PBXResourcesBuildPhase section */
		126271951D336F7F009D44A0 /* Resources */ = {
			isa = PBXResourcesBuildPhase;
			buildActionMask = 2147483647;
			files = (
				126271AA1D336F7F009D44A0 /* LaunchScreen.storyboard in Resources */,
				126271A71D336F7F009D44A0 /* Assets.xcassets in Resources */,
				126271A51D336F7F009D44A0 /* Main.storyboard in Resources */,
			);
			runOnlyForDeploymentPostprocessing = 0;
		};
		126271AE1D336F7F009D44A0 /* Resources */ = {
			isa = PBXResourcesBuildPhase;
			buildActionMask = 2147483647;
			files = (
			);
			runOnlyForDeploymentPostprocessing = 0;
		};
		126271B91D336F7F009D44A0 /* Resources */ = {
			isa = PBXResourcesBuildPhase;
			buildActionMask = 2147483647;
			files = (
			);
			runOnlyForDeploymentPostprocessing = 0;
		};
/* End PBXResourcesBuildPhase section */

/* Begin PBXShellScriptBuildPhase section */
		A986C34F9B9013A6BD303C32 /* Check Pods Manifest.lock */ = {
			isa = PBXShellScriptBuildPhase;
			buildActionMask = 2147483647;
			files = (
			);
			inputPaths = (
			);
			name = "Check Pods Manifest.lock";
			outputPaths = (
			);
			runOnlyForDeploymentPostprocessing = 0;
			shellPath = /bin/sh;
			shellScript = "diff \"${PODS_ROOT}/../Podfile.lock\" \"${PODS_ROOT}/Manifest.lock\" > /dev/null\nif [[ $? != 0 ]] ; then\n    cat << EOM\nerror: The sandbox is not in sync with the Podfile.lock. Run 'pod install' or update your CocoaPods installation.\nEOM\n    exit 1\nfi\n";
			showEnvVarsInLog = 0;
		};
		EE4A4F77A08398E229D1D5E7 /* Embed Pods Frameworks */ = {
			isa = PBXShellScriptBuildPhase;
			buildActionMask = 2147483647;
			files = (
			);
			inputPaths = (
			);
			name = "Embed Pods Frameworks";
			outputPaths = (
			);
			runOnlyForDeploymentPostprocessing = 0;
			shellPath = /bin/sh;
			shellScript = "\"${SRCROOT}/Pods/Target Support Files/Pods/Pods-frameworks.sh\"\n";
			showEnvVarsInLog = 0;
		};
		FDD97237C4C13A7140D7CE19 /* Copy Pods Resources */ = {
			isa = PBXShellScriptBuildPhase;
			buildActionMask = 2147483647;
			files = (
			);
			inputPaths = (
			);
			name = "Copy Pods Resources";
			outputPaths = (
			);
			runOnlyForDeploymentPostprocessing = 0;
			shellPath = /bin/sh;
			shellScript = "\"${SRCROOT}/Pods/Target Support Files/Pods/Pods-resources.sh\"\n";
			showEnvVarsInLog = 0;
		};
/* End PBXShellScriptBuildPhase section */

/* Begin PBXSourcesBuildPhase section */
		126271931D336F7F009D44A0 /* Sources */ = {
			isa = PBXSourcesBuildPhase;
			buildActionMask = 2147483647;
			files = (
				12FA40571D46FD270084D50A /* RWChatManager.m in Sources */,
				12FA404C1D46F56E0084D50A /* RWRequsetManager.m in Sources */,
				12FA404D1D46F56E0084D50A /* RWRequsetManager+UserLogin.m in Sources */,
				12FA405A1D4703C50084D50A /* RWUserInformation.m in Sources */,
				12C1AF741D4629040087ABA0 /* RWDoctorListController.m in Sources */,
				12FA40401D46F35E0084D50A /* RWWelcomeController.m in Sources */,
				12C1AF7A1D4629D10087ABA0 /* RWMainTabBarController.m in Sources */,
				12C1AF731D4629040087ABA0 /* RWCommunityController.m in Sources */,
				12FA40411D46F35E0084D50A /* RWWelcomeImageCell.m in Sources */,
				12C1AF751D4629040087ABA0 /* RWMainViewController.m in Sources */,
				1262719F1D336F7F009D44A0 /* AppDelegate.m in Sources */,
				12FA404F1D46F56E0084D50A /* RWDeployManager+DateProcess.m in Sources */,
				12FA404E1D46F56E0084D50A /* RWDeployManager.m in Sources */,
				1262719C1D336F7F009D44A0 /* main.m in Sources */,
				12C1AF771D4629040087ABA0 /* RWSettingsViewController.m in Sources */,
			);
			runOnlyForDeploymentPostprocessing = 0;
		};
		126271AC1D336F7F009D44A0 /* Sources */ = {
			isa = PBXSourcesBuildPhase;
			buildActionMask = 2147483647;
			files = (
				126271B51D336F7F009D44A0 /* WritePigeonDoctorTests.m in Sources */,
			);
			runOnlyForDeploymentPostprocessing = 0;
		};
		126271B71D336F7F009D44A0 /* Sources */ = {
			isa = PBXSourcesBuildPhase;
			buildActionMask = 2147483647;
			files = (
				126271C01D336F7F009D44A0 /* WritePigeonDoctorUITests.m in Sources */,
			);
			runOnlyForDeploymentPostprocessing = 0;
		};
/* End PBXSourcesBuildPhase section */

/* Begin PBXTargetDependency section */
		126271B21D336F7F009D44A0 /* PBXTargetDependency */ = {
			isa = PBXTargetDependency;
			target = 126271961D336F7F009D44A0 /* WritePigeonDoctor */;
			targetProxy = 126271B11D336F7F009D44A0 /* PBXContainerItemProxy */;
		};
		126271BD1D336F7F009D44A0 /* PBXTargetDependency */ = {
			isa = PBXTargetDependency;
			target = 126271961D336F7F009D44A0 /* WritePigeonDoctor */;
			targetProxy = 126271BC1D336F7F009D44A0 /* PBXContainerItemProxy */;
		};
/* End PBXTargetDependency section */

/* Begin PBXVariantGroup section */
		126271A31D336F7F009D44A0 /* Main.storyboard */ = {
			isa = PBXVariantGroup;
			children = (
				126271A41D336F7F009D44A0 /* Base */,
			);
			name = Main.storyboard;
			path = ..;
			sourceTree = "<group>";
		};
		126271A81D336F7F009D44A0 /* LaunchScreen.storyboard */ = {
			isa = PBXVariantGroup;
			children = (
				126271A91D336F7F009D44A0 /* Base */,
			);
			name = LaunchScreen.storyboard;
			path = ..;
			sourceTree = "<group>";
		};
/* End PBXVariantGroup section */

/* Begin XCBuildConfiguration section */
		126271C21D336F7F009D44A0 /* Debug */ = {
			isa = XCBuildConfiguration;
			buildSettings = {
				ALWAYS_SEARCH_USER_PATHS = NO;
				CLANG_ANALYZER_NONNULL = YES;
				CLANG_CXX_LANGUAGE_STANDARD = "gnu++0x";
				CLANG_CXX_LIBRARY = "libc++";
				CLANG_ENABLE_MODULES = YES;
				CLANG_ENABLE_OBJC_ARC = YES;
				CLANG_WARN_BOOL_CONVERSION = YES;
				CLANG_WARN_CONSTANT_CONVERSION = YES;
				CLANG_WARN_DIRECT_OBJC_ISA_USAGE = YES_ERROR;
				CLANG_WARN_EMPTY_BODY = YES;
				CLANG_WARN_ENUM_CONVERSION = YES;
				CLANG_WARN_INT_CONVERSION = YES;
				CLANG_WARN_OBJC_ROOT_CLASS = YES_ERROR;
				CLANG_WARN_UNREACHABLE_CODE = YES;
				CLANG_WARN__DUPLICATE_METHOD_MATCH = YES;
				"CODE_SIGN_IDENTITY[sdk=iphoneos*]" = "iPhone Developer";
				COPY_PHASE_STRIP = NO;
				DEBUG_INFORMATION_FORMAT = dwarf;
				ENABLE_STRICT_OBJC_MSGSEND = YES;
				ENABLE_TESTABILITY = YES;
				GCC_C_LANGUAGE_STANDARD = gnu99;
				GCC_DYNAMIC_NO_PIC = NO;
				GCC_NO_COMMON_BLOCKS = YES;
				GCC_OPTIMIZATION_LEVEL = 0;
				GCC_PREPROCESSOR_DEFINITIONS = (
					"DEBUG=1",
					"$(inherited)",
				);
				GCC_WARN_64_TO_32_BIT_CONVERSION = YES;
				GCC_WARN_ABOUT_RETURN_TYPE = YES_ERROR;
				GCC_WARN_UNDECLARED_SELECTOR = YES;
				GCC_WARN_UNINITIALIZED_AUTOS = YES_AGGRESSIVE;
				GCC_WARN_UNUSED_FUNCTION = YES;
				GCC_WARN_UNUSED_VARIABLE = YES;
				IPHONEOS_DEPLOYMENT_TARGET = 9.3;
				MTL_ENABLE_DEBUG_INFO = YES;
				ONLY_ACTIVE_ARCH = YES;
				SDKROOT = iphoneos;
				TARGETED_DEVICE_FAMILY = "1,2";
			};
			name = Debug;
		};
		126271C31D336F7F009D44A0 /* Release */ = {
			isa = XCBuildConfiguration;
			buildSettings = {
				ALWAYS_SEARCH_USER_PATHS = NO;
				CLANG_ANALYZER_NONNULL = YES;
				CLANG_CXX_LANGUAGE_STANDARD = "gnu++0x";
				CLANG_CXX_LIBRARY = "libc++";
				CLANG_ENABLE_MODULES = YES;
				CLANG_ENABLE_OBJC_ARC = YES;
				CLANG_WARN_BOOL_CONVERSION = YES;
				CLANG_WARN_CONSTANT_CONVERSION = YES;
				CLANG_WARN_DIRECT_OBJC_ISA_USAGE = YES_ERROR;
				CLANG_WARN_EMPTY_BODY = YES;
				CLANG_WARN_ENUM_CONVERSION = YES;
				CLANG_WARN_INT_CONVERSION = YES;
				CLANG_WARN_OBJC_ROOT_CLASS = YES_ERROR;
				CLANG_WARN_UNREACHABLE_CODE = YES;
				CLANG_WARN__DUPLICATE_METHOD_MATCH = YES;
				"CODE_SIGN_IDENTITY[sdk=iphoneos*]" = "iPhone Developer";
				COPY_PHASE_STRIP = NO;
				DEBUG_INFORMATION_FORMAT = "dwarf-with-dsym";
				ENABLE_NS_ASSERTIONS = NO;
				ENABLE_STRICT_OBJC_MSGSEND = YES;
				GCC_C_LANGUAGE_STANDARD = gnu99;
				GCC_NO_COMMON_BLOCKS = YES;
				GCC_WARN_64_TO_32_BIT_CONVERSION = YES;
				GCC_WARN_ABOUT_RETURN_TYPE = YES_ERROR;
				GCC_WARN_UNDECLARED_SELECTOR = YES;
				GCC_WARN_UNINITIALIZED_AUTOS = YES_AGGRESSIVE;
				GCC_WARN_UNUSED_FUNCTION = YES;
				GCC_WARN_UNUSED_VARIABLE = YES;
				IPHONEOS_DEPLOYMENT_TARGET = 9.3;
				MTL_ENABLE_DEBUG_INFO = NO;
				SDKROOT = iphoneos;
				TARGETED_DEVICE_FAMILY = "1,2";
				VALIDATE_PRODUCT = YES;
			};
			name = Release;
		};
		126271C51D336F7F009D44A0 /* Debug */ = {
			isa = XCBuildConfiguration;
			baseConfigurationReference = 9EF87DF12830927924691150 /* Pods.debug.xcconfig */;
			buildSettings = {
				ASSETCATALOG_COMPILER_APPICON_NAME = AppIcon;
				ENABLE_BITCODE = NO;
				FRAMEWORK_SEARCH_PATHS = (
					"$(inherited)",
					"$(PROJECT_DIR)",
					"$(PROJECT_DIR)/WritePigeonDoctor",
				);
				GCC_PRECOMPILE_PREFIX_HEADER = YES;
				GCC_PREFIX_HEADER = "$(SRCROOT)/WritePigeonDoctor/Classes/PublicClass/PublicMacro.pch";
				INFOPLIST_FILE = WritePigeonDoctor/Info.plist;
				LD_RUNPATH_SEARCH_PATHS = "$(inherited) @executable_path/Frameworks";
				PRODUCT_BUNDLE_IDENTIFIER = RyeWhiskey.WritePigeonDoctor;
				PRODUCT_NAME = "$(TARGET_NAME)";
			};
			name = Debug;
		};
		126271C61D336F7F009D44A0 /* Release */ = {
			isa = XCBuildConfiguration;
			baseConfigurationReference = 06B0CD839B2FB4AEC160CE84 /* Pods.release.xcconfig */;
			buildSettings = {
				ASSETCATALOG_COMPILER_APPICON_NAME = AppIcon;
				ENABLE_BITCODE = NO;
				FRAMEWORK_SEARCH_PATHS = (
					"$(inherited)",
					"$(PROJECT_DIR)",
					"$(PROJECT_DIR)/WritePigeonDoctor",
				);
				GCC_PRECOMPILE_PREFIX_HEADER = YES;
				GCC_PREFIX_HEADER = "$(SRCROOT)/WritePigeonDoctor/Classes/PublicClass/PublicMacro.pch";
				INFOPLIST_FILE = WritePigeonDoctor/Info.plist;
				LD_RUNPATH_SEARCH_PATHS = "$(inherited) @executable_path/Frameworks";
				PRODUCT_BUNDLE_IDENTIFIER = RyeWhiskey.WritePigeonDoctor;
				PRODUCT_NAME = "$(TARGET_NAME)";
			};
			name = Release;
		};
		126271C81D336F7F009D44A0 /* Debug */ = {
			isa = XCBuildConfiguration;
			buildSettings = {
				BUNDLE_LOADER = "$(TEST_HOST)";
				INFOPLIST_FILE = WritePigeonDoctorTests/Info.plist;
				LD_RUNPATH_SEARCH_PATHS = "$(inherited) @executable_path/Frameworks @loader_path/Frameworks";
				PRODUCT_BUNDLE_IDENTIFIER = RyeWhiskey.WritePigeonDoctorTests;
				PRODUCT_NAME = "$(TARGET_NAME)";
				TEST_HOST = "$(BUILT_PRODUCTS_DIR)/WritePigeonDoctor.app/WritePigeonDoctor";
			};
			name = Debug;
		};
		126271C91D336F7F009D44A0 /* Release */ = {
			isa = XCBuildConfiguration;
			buildSettings = {
				BUNDLE_LOADER = "$(TEST_HOST)";
				INFOPLIST_FILE = WritePigeonDoctorTests/Info.plist;
				LD_RUNPATH_SEARCH_PATHS = "$(inherited) @executable_path/Frameworks @loader_path/Frameworks";
				PRODUCT_BUNDLE_IDENTIFIER = RyeWhiskey.WritePigeonDoctorTests;
				PRODUCT_NAME = "$(TARGET_NAME)";
				TEST_HOST = "$(BUILT_PRODUCTS_DIR)/WritePigeonDoctor.app/WritePigeonDoctor";
			};
			name = Release;
		};
		126271CB1D336F7F009D44A0 /* Debug */ = {
			isa = XCBuildConfiguration;
			buildSettings = {
				INFOPLIST_FILE = WritePigeonDoctorUITests/Info.plist;
				LD_RUNPATH_SEARCH_PATHS = "$(inherited) @executable_path/Frameworks @loader_path/Frameworks";
				PRODUCT_BUNDLE_IDENTIFIER = RyeWhiskey.WritePigeonDoctorUITests;
				PRODUCT_NAME = "$(TARGET_NAME)";
				TEST_TARGET_NAME = WritePigeonDoctor;
			};
			name = Debug;
		};
		126271CC1D336F7F009D44A0 /* Release */ = {
			isa = XCBuildConfiguration;
			buildSettings = {
				INFOPLIST_FILE = WritePigeonDoctorUITests/Info.plist;
				LD_RUNPATH_SEARCH_PATHS = "$(inherited) @executable_path/Frameworks @loader_path/Frameworks";
				PRODUCT_BUNDLE_IDENTIFIER = RyeWhiskey.WritePigeonDoctorUITests;
				PRODUCT_NAME = "$(TARGET_NAME)";
				TEST_TARGET_NAME = WritePigeonDoctor;
			};
			name = Release;
		};
/* End XCBuildConfiguration section */

/* Begin XCConfigurationList section */
		126271921D336F7F009D44A0 /* Build configuration list for PBXProject "WritePigeonDoctor" */ = {
			isa = XCConfigurationList;
			buildConfigurations = (
				126271C21D336F7F009D44A0 /* Debug */,
				126271C31D336F7F009D44A0 /* Release */,
			);
			defaultConfigurationIsVisible = 0;
			defaultConfigurationName = Release;
		};
		126271C41D336F7F009D44A0 /* Build configuration list for PBXNativeTarget "WritePigeonDoctor" */ = {
			isa = XCConfigurationList;
			buildConfigurations = (
				126271C51D336F7F009D44A0 /* Debug */,
				126271C61D336F7F009D44A0 /* Release */,
			);
			defaultConfigurationIsVisible = 0;
			defaultConfigurationName = Release;
		};
		126271C71D336F7F009D44A0 /* Build configuration list for PBXNativeTarget "WritePigeonDoctorTests" */ = {
			isa = XCConfigurationList;
			buildConfigurations = (
				126271C81D336F7F009D44A0 /* Debug */,
				126271C91D336F7F009D44A0 /* Release */,
			);
			defaultConfigurationIsVisible = 0;
			defaultConfigurationName = Release;
		};
		126271CA1D336F7F009D44A0 /* Build configuration list for PBXNativeTarget "WritePigeonDoctorUITests" */ = {
			isa = XCConfigurationList;
			buildConfigurations = (
				126271CB1D336F7F009D44A0 /* Debug */,
				126271CC1D336F7F009D44A0 /* Release */,
			);
			defaultConfigurationIsVisible = 0;
			defaultConfigurationName = Release;
		};
/* End XCConfigurationList section */
	};
	rootObject = 1262718F1D336F7F009D44A0 /* Project object */;
}
